
Microsoft Visual Studio Solution File, Format Version 12.00
# Visual Studio Version 17
VisualStudioVersion = 17.3.32819.101
MinimumVisualStudioVersion = 10.0.40219.1
Project("{FAE04EC0-301F-11D3-BF4B-00C04F79EFBC}") = "GeometryClassLibrary", "ClassLibrary2\GeometryClassLibrary.csproj", "{5F472ED0-D58D-4885-8540-3D21440A5008}"
EndProject
Global
	GlobalSection(SolutionConfigurationPlatforms) = preSolution
		Debug|Any CPU = Debug|Any CPU
		Release|Any CPU = Release|Any CPU
	EndGlobalSection
	GlobalSection(ProjectConfigurationPlatforms) = postSolution
		{5F472ED0-D58D-4885-8540-3D21440A5008}.Debug|Any CPU.ActiveCfg = Debug|Any CPU
		{5F472ED0-D58D-4885-8540-3D21440A5008}.Debug|Any CPU.Build.0 = Debug|Any CPU
		{5F472ED0-D58D-4885-8540-3D21440A5008}.Release|Any CPU.ActiveCfg = Release|Any CPU
		{5F472ED0-D58D-4885-8540-3D21440A5008}.Release|Any CPU.Build.0 = Release|Any CPU
	EndGlobalSection
	GlobalSection(SolutionProperties) = preSolution
		HideSolutionNode = FALSE
	EndGlobalSection
	GlobalSection(ExtensibilityGlobals) = postSolution
		SolutionGuid = {79869E3D-D37F-4C23-8BC4-AC6C878950C1}
	EndGlobalSection
EndGlobal
